
Microsoft Visual Studio Solution File, Format Version 12.00
# Visual Studio Version 17
VisualStudioVersion = 17.4.33205.214
MinimumVisualStudioVersion = 10.0.40219.1
Project("{9A19103F-16F7-4668-BE54-9A1E7A4F7556}") = "EisenhowerMain", "EisenhowerMain.csproj", "{48A65314-86CE-41A3-B780-0DCEC49C289B}"
EndProject
Global
	GlobalSection(SolutionConfigurationPlatforms) = preSolution
		Debug|Any CPU = Debug|Any CPU
		Release|Any CPU = Release|Any CPU
	EndGlobalSection
	GlobalSection(ProjectConfigurationPlatforms) = postSolution
		{48A65314-86CE-41A3-B780-0DCEC49C289B}.Debug|Any CPU.ActiveCfg = Debug|Any CPU
		{48A65314-86CE-41A3-B780-0DCEC49C289B}.Debug|Any CPU.Build.0 = Debug|Any CPU
		{48A65314-86CE-41A3-B780-0DCEC49C289B}.Release|Any CPU.ActiveCfg = Release|Any CPU
		{48A65314-86CE-41A3-B780-0DCEC49C289B}.Release|Any CPU.Build.0 = Release|Any CPU
	EndGlobalSection
	GlobalSection(SolutionProperties) = preSolution
		HideSolutionNode = FALSE
	EndGlobalSection
	GlobalSection(ExtensibilityGlobals) = postSolution
		SolutionGuid = {DA93C252-81C8-4097-83A5-7D18885C0401}
	EndGlobalSection
EndGlobal
